# THIS IS AN AUTOGENERATED FILE. DO NOT EDIT THIS FILE DIRECTLY.
# yarn lockfile v1


"@prisma/client@^5.12.1":
  version "5.12.1"
  resolved "https://registry.yarnpkg.com/@prisma/client/-/client-5.12.1.tgz#c26a674fea76754b3a9e8b90a11e617f90212f76"
  integrity sha512-6/JnizEdlSBxDIdiLbrBdMW5NqDxOmhXAJaNXiPpgzAPr/nLZResT6MMpbOHLo5yAbQ1Vv5UU8PTPRzb0WIxdA==

"@prisma/debug@5.12.1":
  version "5.12.1"
  resolved "https://registry.yarnpkg.com/@prisma/debug/-/debug-5.12.1.tgz#007c8ad2e466d565bcd0671b8846c27f8700c722"
  integrity sha512-kd/wNsR0klrv79o1ITsbWxYyh4QWuBidvxsXSParPsYSu0ircUmNk3q4ojsgNc3/81b0ozg76iastOG43tbf8A==

"@prisma/engines-version@5.12.0-21.473ed3124229e22d881cb7addf559799debae1ab":
  version "5.12.0-21.473ed3124229e22d881cb7addf559799debae1ab"
  resolved "https://registry.yarnpkg.com/@prisma/engines-version/-/engines-version-5.12.0-21.473ed3124229e22d881cb7addf559799debae1ab.tgz#c78d099a3fe86d446db7442e64e56987e39e7f32"
  integrity sha512-6yvO8s80Tym61aB4QNtYZfWVmE3pwqe807jEtzm8C5VDe7nw8O1FGX3TXUaXmWV0fQTIAfRbeL2Gwrndabp/0g==

"@prisma/engines@5.12.1":
  version "5.12.1"
  resolved "https://registry.yarnpkg.com/@prisma/engines/-/engines-5.12.1.tgz#a50649427d627a9af962a188a84c65d61c6e2b3f"
  integrity sha512-HQDdglLw2bZR/TXD2Y+YfDMvi5Q8H+acbswqOsWyq9pPjBLYJ6gzM+ptlTU/AV6tl0XSZLU1/7F4qaWa8bqpJA==
  dependencies:
    "@prisma/debug" "5.12.1"
    "@prisma/engines-version" "5.12.0-21.473ed3124229e22d881cb7addf559799debae1ab"
    "@prisma/fetch-engine" "5.12.1"
    "@prisma/get-platform" "5.12.1"

"@prisma/fetch-engine@5.12.1":
  version "5.12.1"
  resolved "https://registry.yarnpkg.com/@prisma/fetch-engine/-/fetch-engine-5.12.1.tgz#c38e9fa17fdc535b4c83cbb7645569ad0a511fa9"
  integrity sha512-qSs3KcX1HKcea1A+hlJVK/ljj0PNIUHDxAayGMvgJBqmaN32P9tCidlKz1EGv6WoRFICYnk3Dd/YFLBwnFIozA==
  dependencies:
    "@prisma/debug" "5.12.1"
    "@prisma/engines-version" "5.12.0-21.473ed3124229e22d881cb7addf559799debae1ab"
    "@prisma/get-platform" "5.12.1"

"@prisma/get-platform@5.12.1":
  version "5.12.1"
  resolved "https://registry.yarnpkg.com/@prisma/get-platform/-/get-platform-5.12.1.tgz#33f427f6d744dee62a9e06858889691d78b50804"
  integrity sha512-pgIR+pSvhYHiUcqXVEZS31NrFOTENC9yFUdEAcx7cdQBoZPmHVjtjN4Ss6NzVDMYPrKJJ51U14EhEoeuBlMioQ==
  dependencies:
    "@prisma/debug" "5.12.1"

"@types/aes-js@^3.1.4":
  version "3.1.4"
  resolved "https://registry.yarnpkg.com/@types/aes-js/-/aes-js-3.1.4.tgz#90afb62e69b0365a392d2e79579a6f424b772792"
  integrity sha512-v3D66IptpUqh+pHKVNRxY8yvp2ESSZXe0rTzsGdzUhEwag7ljVfgCllkWv2YgiYXDhWFBrEywll4A5JToyTNFA==

"@types/dotenv@^8.2.0":
  version "8.2.0"
  resolved "https://registry.yarnpkg.com/@types/dotenv/-/dotenv-8.2.0.tgz#5cd64710c3c98e82d9d15844375a33bf1b45d053"
  integrity sha512-ylSC9GhfRH7m1EUXBXofhgx4lUWmFeQDINW5oLuS+gxWdfUeW4zJdeVTYVkexEW+e2VUvlZR2kGnGGipAWR7kw==
  dependencies:
    dotenv "*"

"@types/node@^20.12.7":
  version "20.12.7"
  resolved "https://registry.yarnpkg.com/@types/node/-/node-20.12.7.tgz#04080362fa3dd6c5822061aa3124f5c152cff384"
  integrity sha512-wq0cICSkRLVaf3UGLMGItu/PtdY7oaXaI/RVU+xliKVOtRna3PRY57ZDfztpDL0n11vfymMUnXv8QwYCO7L1wg==
  dependencies:
    undici-types "~5.26.4"

aes-js@3.1.2:
  version "3.1.2"
  resolved "https://registry.yarnpkg.com/aes-js/-/aes-js-3.1.2.tgz#db9aabde85d5caabbfc0d4f2a4446960f627146a"
  integrity sha512-e5pEa2kBnBOgR4Y/p20pskXI74UEz7de8ZGVo58asOtvSVG5YAbJeELPZxOmt+Bnz3rX753YKhfIn4X4l1PPRQ==

dotenv@*, dotenv@^16.4.5:
  version "16.4.5"
  resolved "https://registry.yarnpkg.com/dotenv/-/dotenv-16.4.5.tgz#cdd3b3b604cb327e286b4762e13502f717cb099f"
  integrity sha512-ZmdL2rui+eB2YwhsWzjInR8LldtZHGDoQ1ugH85ppHKwpUHL7j7rN0Ti9NCnGiQbhaZ11FpR+7ao1dNsmduNUg==

prisma@^5.12.1:
  version "5.12.1"
  resolved "https://registry.yarnpkg.com/prisma/-/prisma-5.12.1.tgz#db4596253bb066afc9f08744642f200a398d8d51"
  integrity sha512-SkMnb6wyIxTv9ACqiHBI2u9gD6y98qXRoCoLEnZsF6yee5Qg828G+ARrESN+lQHdw4maSZFFSBPPDpvSiVTo0Q==
  dependencies:
    "@prisma/engines" "5.12.1"

typescript@^5.4.5:
  version "5.4.5"
  resolved "https://registry.yarnpkg.com/typescript/-/typescript-5.4.5.tgz#42ccef2c571fdbd0f6718b1d1f5e6e5ef006f611"
  integrity sha512-vcI4UpRgg81oIRUFwR0WSIHKt11nJ7SAVlYNIu+QpqeyXP+gpQJy/Z4+F0aGxSE4MqwjyXvW/TzgkLAx2AGHwQ==

undici-types@~5.26.4:
  version "5.26.5"
  resolved "https://registry.yarnpkg.com/undici-types/-/undici-types-5.26.5.tgz#bcd539893d00b56e964fd2657a4866b221a65617"
  integrity sha512-JlCMO+ehdEIKqlFxk6IfVoAUVmgz7cU7zD/h9XZ0qzeosSHmUJVOzSQvvYSYWXkFXC+IfLKSIffhv0sVZup6pA==
